
Microsoft Visual Studio Solution File, Format Version 12.00
# Visual Studio Version 17
VisualStudioVersion = 17.14.36327.8
MinimumVisualStudioVersion = 10.0.40219.1
Project("{FAE04EC0-301F-11D3-BF4B-00C04F79EFBC}") = "DisplayShift", "DisplayShift.csproj", "{3071F912-81B6-496E-99A8-61F5ABA7B62A}"
	ProjectSection(ProjectDependencies) = postProject
		{B7AAA91A-8543-71BC-0093-7A832248479E} = {B7AAA91A-8543-71BC-0093-7A832248479E}
	EndProjectSection
EndProject
Project("{FAE04EC0-301F-11D3-BF4B-00C04F79EFBC}") = "DisplayConfig", "..\DisplayConfig\src\DisplayConfig\DisplayConfig.csproj", "{B7AAA91A-8543-71BC-0093-7A832248479E}"
EndProject
Global
	GlobalSection(SolutionConfigurationPlatforms) = preSolution
		Debug|Any CPU = Debug|Any CPU
		Release|Any CPU = Release|Any CPU
	EndGlobalSection
	GlobalSection(ProjectConfigurationPlatforms) = postSolution
		{3071F912-81B6-496E-99A8-61F5ABA7B62A}.Debug|Any CPU.ActiveCfg = Debug|Any CPU
		{3071F912-81B6-496E-99A8-61F5ABA7B62A}.Debug|Any CPU.Build.0 = Debug|Any CPU
		{3071F912-81B6-496E-99A8-61F5ABA7B62A}.Release|Any CPU.ActiveCfg = Release|Any CPU
		{3071F912-81B6-496E-99A8-61F5ABA7B62A}.Release|Any CPU.Build.0 = Release|Any CPU
		{B7AAA91A-8543-71BC-0093-7A832248479E}.Debug|Any CPU.ActiveCfg = Debug|Any CPU
		{B7AAA91A-8543-71BC-0093-7A832248479E}.Debug|Any CPU.Build.0 = Debug|Any CPU
		{B7AAA91A-8543-71BC-0093-7A832248479E}.Release|Any CPU.ActiveCfg = Release|Any CPU
		{B7AAA91A-8543-71BC-0093-7A832248479E}.Release|Any CPU.Build.0 = Release|Any CPU
	EndGlobalSection
	GlobalSection(SolutionProperties) = preSolution
		HideSolutionNode = FALSE
	EndGlobalSection
	GlobalSection(ExtensibilityGlobals) = postSolution
		SolutionGuid = {7594D320-BEB1-49BA-88D9-2AF166414DCD}
	EndGlobalSection
EndGlobal
